
Microsoft Visual Studio Solution File, Format Version 12.00
# Visual Studio Version 17
VisualStudioVersion = 17.9.34622.214
MinimumVisualStudioVersion = 10.0.40219.1
Project("{FAE04EC0-301F-11D3-BF4B-00C04F79EFBC}") = "Mathing1", "Mathing1\Mathing1.csproj", "{70280192-DE68-467F-BFA0-352FAD878581}"
EndProject
Global
	GlobalSection(SolutionConfigurationPlatforms) = preSolution
		Debug|Any CPU = Debug|Any CPU
		Release|Any CPU = Release|Any CPU
	EndGlobalSection
	GlobalSection(ProjectConfigurationPlatforms) = postSolution
		{70280192-DE68-467F-BFA0-352FAD878581}.Debug|Any CPU.ActiveCfg = Debug|Any CPU
		{70280192-DE68-467F-BFA0-352FAD878581}.Debug|Any CPU.Build.0 = Debug|Any CPU
		{70280192-DE68-467F-BFA0-352FAD878581}.Release|Any CPU.ActiveCfg = Release|Any CPU
		{70280192-DE68-467F-BFA0-352FAD878581}.Release|Any CPU.Build.0 = Release|Any CPU
	EndGlobalSection
	GlobalSection(SolutionProperties) = preSolution
		HideSolutionNode = FALSE
	EndGlobalSection
	GlobalSection(ExtensibilityGlobals) = postSolution
		SolutionGuid = {B5A1138E-3D73-4C8F-9F7D-87C026C6B274}
	EndGlobalSection
EndGlobal
